{
  "pins" : [
    {
      "identity" : "snapkit",
      "kind" : "remoteSourceControl",
      "location" : "https://github.com/SnapKit/SnapKit",
      "state" : {
        "branch" : "develop",
        "revision" : "58320fe80522414bf3a7e24c88123581dc586752"
      }
    },
    {
      "identity" : "swiftycolor",
      "kind" : "remoteSourceControl",
      "location" : "https://github.com/devxoul/SwiftyColor",
      "state" : {
        "branch" : "master",
        "revision" : "846c1c5d0e97d2b5f6b1bcb3343833eec128c6e9"
      }
    }
  ],
  "version" : 2
}
